// !$*UTF8*$!
{
	archiveVersion = 1;
	classes = {
	};
	objectVersion = 46;
	objects = {

/* Begin PBXBuildFile section */
		599834DA17AF93BE00B2CE95 /* UIKit.framework in Frameworks */ = {isa = PBXBuildFile; fileRef = 599834D917AF93BE00B2CE95 /* UIKit.framework */; };
		599834DC17AF93BE00B2CE95 /* Foundation.framework in Frameworks */ = {isa = PBXBuildFile; fileRef = 599834DB17AF93BE00B2CE95 /* Foundation.framework */; };
		599834DE17AF93BE00B2CE95 /* CoreGraphics.framework in Frameworks */ = {isa = PBXBuildFile; fileRef = 599834DD17AF93BE00B2CE95 /* CoreGraphics.framework */; };
		599834E017AF93BE00B2CE95 /* CoreData.framework in Frameworks */ = {isa = PBXBuildFile; fileRef = 599834DF17AF93BE00B2CE95 /* CoreData.framework */; };
		599834E617AF93BE00B2CE95 /* InfoPlist.strings in Resources */ = {isa = PBXBuildFile; fileRef = 599834E417AF93BE00B2CE95 /* InfoPlist.strings */; };
		599834E817AF93BE00B2CE95 /* main.m in Sources */ = {isa = PBXBuildFile; fileRef = 599834E717AF93BE00B2CE95 /* main.m */; };
		599834EC17AF93BE00B2CE95 /* WPAppDelegate.m in Sources */ = {isa = PBXBuildFile; fileRef = 599834EB17AF93BE00B2CE95 /* WPAppDelegate.m */; };
		599834EE17AF93BE00B2CE95 /* Default.png in Resources */ = {isa = PBXBuildFile; fileRef = 599834ED17AF93BE00B2CE95 /* Default.png */; };
		599834F017AF93BE00B2CE95 /* Default@2x.png in Resources */ = {isa = PBXBuildFile; fileRef = 599834EF17AF93BE00B2CE95 /* Default@2x.png */; };
		599834F217AF93BE00B2CE95 /* Default-568h@2x.png in Resources */ = {isa = PBXBuildFile; fileRef = 599834F117AF93BE00B2CE95 /* Default-568h@2x.png */; };
		599834F517AF93BE00B2CE95 /* BrainWashingHomeWork.xcdatamodeld in Sources */ = {isa = PBXBuildFile; fileRef = 599834F317AF93BE00B2CE95 /* BrainWashingHomeWork.xcdatamodeld */; };
		5998359E17AF957A00B2CE95 /* WPWineViewController.m in Sources */ = {isa = PBXBuildFile; fileRef = 5998359D17AF957A00B2CE95 /* WPWineViewController.m */; };
		599835A217AF95E600B2CE95 /* WPWineAPI.m in Sources */ = {isa = PBXBuildFile; fileRef = 599835A117AF95E600B2CE95 /* WPWineAPI.m */; };
		5998377817AF9FA000B2CE95 /* AFHTTPClient.m in Sources */ = {isa = PBXBuildFile; fileRef = 5998376617AF9FA000B2CE95 /* AFHTTPClient.m */; };
		5998377917AF9FA000B2CE95 /* AFHTTPRequestOperation.m in Sources */ = {isa = PBXBuildFile; fileRef = 5998376817AF9FA000B2CE95 /* AFHTTPRequestOperation.m */; };
		5998377A17AF9FA000B2CE95 /* AFImageRequestOperation.m in Sources */ = {isa = PBXBuildFile; fileRef = 5998376A17AF9FA000B2CE95 /* AFImageRequestOperation.m */; };
		5998377B17AF9FA000B2CE95 /* AFJSONRequestOperation.m in Sources */ = {isa = PBXBuildFile; fileRef = 5998376C17AF9FA000B2CE95 /* AFJSONRequestOperation.m */; };
		5998377C17AF9FA000B2CE95 /* AFNetworkActivityIndicatorManager.m in Sources */ = {isa = PBXBuildFile; fileRef = 5998376E17AF9FA000B2CE95 /* AFNetworkActivityIndicatorManager.m */; };
		5998377D17AF9FA000B2CE95 /* AFPropertyListRequestOperation.m in Sources */ = {isa = PBXBuildFile; fileRef = 5998377117AF9FA000B2CE95 /* AFPropertyListRequestOperation.m */; };
		5998377E17AF9FA000B2CE95 /* AFURLConnectionOperation.m in Sources */ = {isa = PBXBuildFile; fileRef = 5998377317AF9FA000B2CE95 /* AFURLConnectionOperation.m */; };
		5998377F17AF9FA000B2CE95 /* AFXMLRequestOperation.m in Sources */ = {isa = PBXBuildFile; fileRef = 5998377517AF9FA000B2CE95 /* AFXMLRequestOperation.m */; };
		5998378017AF9FA000B2CE95 /* UIImageView+AFNetworking.m in Sources */ = {isa = PBXBuildFile; fileRef = 5998377717AF9FA000B2CE95 /* UIImageView+AFNetworking.m */; };
		5998378217AFA18D00B2CE95 /* Security.framework in Frameworks */ = {isa = PBXBuildFile; fileRef = 5998378117AFA18D00B2CE95 /* Security.framework */; };
		5998379017AFB78100B2CE95 /* WPCoreDataManager.m in Sources */ = {isa = PBXBuildFile; fileRef = 5998378F17AFB78100B2CE95 /* WPCoreDataManager.m */; };
		5998379317AFD8E500B2CE95 /* WPBaseModel.m in Sources */ = {isa = PBXBuildFile; fileRef = 5998379217AFD8E500B2CE95 /* WPBaseModel.m */; };
		5998379617AFF98E00B2CE95 /* WPIssueModel.m in Sources */ = {isa = PBXBuildFile; fileRef = 5998379517AFF98E00B2CE95 /* WPIssueModel.m */; };
		5998379917AFFC0600B2CE95 /* Products.m in Sources */ = {isa = PBXBuildFile; fileRef = 5998379817AFFC0600B2CE95 /* Products.m */; };
/* End PBXBuildFile section */

/* Begin PBXFileReference section */
		599834D617AF93BE00B2CE95 /* BrainWashingHomeWork.app */ = {isa = PBXFileReference; explicitFileType = wrapper.application; includeInIndex = 0; path = BrainWashingHomeWork.app; sourceTree = BUILT_PRODUCTS_DIR; };
		599834D917AF93BE00B2CE95 /* UIKit.framework */ = {isa = PBXFileReference; lastKnownFileType = wrapper.framework; name = UIKit.framework; path = System/Library/Frameworks/UIKit.framework; sourceTree = SDKROOT; };
		599834DB17AF93BE00B2CE95 /* Foundation.framework */ = {isa = PBXFileReference; lastKnownFileType = wrapper.framework; name = Foundation.framework; path = System/Library/Frameworks/Foundation.framework; sourceTree = SDKROOT; };
		599834DD17AF93BE00B2CE95 /* CoreGraphics.framework */ = {isa = PBXFileReference; lastKnownFileType = wrapper.framework; name = CoreGraphics.framework; path = System/Library/Frameworks/CoreGraphics.framework; sourceTree = SDKROOT; };
		599834DF17AF93BE00B2CE95 /* CoreData.framework */ = {isa = PBXFileReference; lastKnownFileType = wrapper.framework; name = CoreData.framework; path = System/Library/Frameworks/CoreData.framework; sourceTree = SDKROOT; };
		599834E317AF93BE00B2CE95 /* BrainWashingHomeWork-Info.plist */ = {isa = PBXFileReference; lastKnownFileType = text.plist.xml; path = "BrainWashingHomeWork-Info.plist"; sourceTree = "<group>"; };
		599834E517AF93BE00B2CE95 /* en */ = {isa = PBXFileReference; lastKnownFileType = text.plist.strings; name = en; path = en.lproj/InfoPlist.strings; sourceTree = "<group>"; };
		599834E717AF93BE00B2CE95 /* main.m */ = {isa = PBXFileReference; lastKnownFileType = sourcecode.c.objc; path = main.m; sourceTree = "<group>"; };
		599834E917AF93BE00B2CE95 /* BrainWashingHomeWork-Prefix.pch */ = {isa = PBXFileReference; lastKnownFileType = sourcecode.c.h; path = "BrainWashingHomeWork-Prefix.pch"; sourceTree = "<group>"; };
		599834EA17AF93BE00B2CE95 /* WPAppDelegate.h */ = {isa = PBXFileReference; lastKnownFileType = sourcecode.c.h; path = WPAppDelegate.h; sourceTree = "<group>"; };
		599834EB17AF93BE00B2CE95 /* WPAppDelegate.m */ = {isa = PBXFileReference; lastKnownFileType = sourcecode.c.objc; path = WPAppDelegate.m; sourceTree = "<group>"; };
		599834ED17AF93BE00B2CE95 /* Default.png */ = {isa = PBXFileReference; lastKnownFileType = image.png; path = Default.png; sourceTree = "<group>"; };
		599834EF17AF93BE00B2CE95 /* Default@2x.png */ = {isa = PBXFileReference; lastKnownFileType = image.png; path = "Default@2x.png"; sourceTree = "<group>"; };
		599834F117AF93BE00B2CE95 /* Default-568h@2x.png */ = {isa = PBXFileReference; lastKnownFileType = image.png; path = "Default-568h@2x.png"; sourceTree = "<group>"; };
		599834F417AF93BE00B2CE95 /* BrainWashingHomeWork.xcdatamodel */ = {isa = PBXFileReference; lastKnownFileType = wrapper.xcdatamodel; path = BrainWashingHomeWork.xcdatamodel; sourceTree = "<group>"; };
		5998359C17AF957A00B2CE95 /* WPWineViewController.h */ = {isa = PBXFileReference; fileEncoding = 4; lastKnownFileType = sourcecode.c.h; path = WPWineViewController.h; sourceTree = "<group>"; };
		5998359D17AF957A00B2CE95 /* WPWineViewController.m */ = {isa = PBXFileReference; fileEncoding = 4; lastKnownFileType = sourcecode.c.objc; path = WPWineViewController.m; sourceTree = "<group>"; };
		599835A017AF95E600B2CE95 /* WPWineAPI.h */ = {isa = PBXFileReference; fileEncoding = 4; lastKnownFileType = sourcecode.c.h; path = WPWineAPI.h; sourceTree = "<group>"; };
		599835A117AF95E600B2CE95 /* WPWineAPI.m */ = {isa = PBXFileReference; fileEncoding = 4; lastKnownFileType = sourcecode.c.objc; path = WPWineAPI.m; sourceTree = "<group>"; };
		5998376517AF9FA000B2CE95 /* AFHTTPClient.h */ = {isa = PBXFileReference; fileEncoding = 4; lastKnownFileType = sourcecode.c.h; path = AFHTTPClient.h; sourceTree = "<group>"; };
		5998376617AF9FA000B2CE95 /* AFHTTPClient.m */ = {isa = PBXFileReference; fileEncoding = 4; lastKnownFileType = sourcecode.c.objc; path = AFHTTPClient.m; sourceTree = "<group>"; };
		5998376717AF9FA000B2CE95 /* AFHTTPRequestOperation.h */ = {isa = PBXFileReference; fileEncoding = 4; lastKnownFileType = sourcecode.c.h; path = AFHTTPRequestOperation.h; sourceTree = "<group>"; };
		5998376817AF9FA000B2CE95 /* AFHTTPRequestOperation.m */ = {isa = PBXFileReference; fileEncoding = 4; lastKnownFileType = sourcecode.c.objc; path = AFHTTPRequestOperation.m; sourceTree = "<group>"; };
		5998376917AF9FA000B2CE95 /* AFImageRequestOperation.h */ = {isa = PBXFileReference; fileEncoding = 4; lastKnownFileType = sourcecode.c.h; path = AFImageRequestOperation.h; sourceTree = "<group>"; };
		5998376A17AF9FA000B2CE95 /* AFImageRequestOperation.m */ = {isa = PBXFileReference; fileEncoding = 4; lastKnownFileType = sourcecode.c.objc; path = AFImageRequestOperation.m; sourceTree = "<group>"; };
		5998376B17AF9FA000B2CE95 /* AFJSONRequestOperation.h */ = {isa = PBXFileReference; fileEncoding = 4; lastKnownFileType = sourcecode.c.h; path = AFJSONRequestOperation.h; sourceTree = "<group>"; };
		5998376C17AF9FA000B2CE95 /* AFJSONRequestOperation.m */ = {isa = PBXFileReference; fileEncoding = 4; lastKnownFileType = sourcecode.c.objc; path = AFJSONRequestOperation.m; sourceTree = "<group>"; };
		5998376D17AF9FA000B2CE95 /* AFNetworkActivityIndicatorManager.h */ = {isa = PBXFileReference; fileEncoding = 4; lastKnownFileType = sourcecode.c.h; path = AFNetworkActivityIndicatorManager.h; sourceTree = "<group>"; };
		5998376E17AF9FA000B2CE95 /* AFNetworkActivityIndicatorManager.m */ = {isa = PBXFileReference; fileEncoding = 4; lastKnownFileType = sourcecode.c.objc; path = AFNetworkActivityIndicatorManager.m; sourceTree = "<group>"; };
		5998376F17AF9FA000B2CE95 /* AFNetworking.h */ = {isa = PBXFileReference; fileEncoding = 4; lastKnownFileType = sourcecode.c.h; path = AFNetworking.h; sourceTree = "<group>"; };
		5998377017AF9FA000B2CE95 /* AFPropertyListRequestOperation.h */ = {isa = PBXFileReference; fileEncoding = 4; lastKnownFileType = sourcecode.c.h; path = AFPropertyListRequestOperation.h; sourceTree = "<group>"; };
		5998377117AF9FA000B2CE95 /* AFPropertyListRequestOperation.m */ = {isa = PBXFileReference; fileEncoding = 4; lastKnownFileType = sourcecode.c.objc; path = AFPropertyListRequestOperation.m; sourceTree = "<group>"; };
		5998377217AF9FA000B2CE95 /* AFURLConnectionOperation.h */ = {isa = PBXFileReference; fileEncoding = 4; lastKnownFileType = sourcecode.c.h; path = AFURLConnectionOperation.h; sourceTree = "<group>"; };
		5998377317AF9FA000B2CE95 /* AFURLConnectionOperation.m */ = {isa = PBXFileReference; fileEncoding = 4; lastKnownFileType = sourcecode.c.objc; path = AFURLConnectionOperation.m; sourceTree = "<group>"; };
		5998377417AF9FA000B2CE95 /* AFXMLRequestOperation.h */ = {isa = PBXFileReference; fileEncoding = 4; lastKnownFileType = sourcecode.c.h; path = AFXMLRequestOperation.h; sourceTree = "<group>"; };
		5998377517AF9FA000B2CE95 /* AFXMLRequestOperation.m */ = {isa = PBXFileReference; fileEncoding = 4; lastKnownFileType = sourcecode.c.objc; path = AFXMLRequestOperation.m; sourceTree = "<group>"; };
		5998377617AF9FA000B2CE95 /* UIImageView+AFNetworking.h */ = {isa = PBXFileReference; fileEncoding = 4; lastKnownFileType = sourcecode.c.h; path = "UIImageView+AFNetworking.h"; sourceTree = "<group>"; };
		5998377717AF9FA000B2CE95 /* UIImageView+AFNetworking.m */ = {isa = PBXFileReference; fileEncoding = 4; lastKnownFileType = sourcecode.c.objc; path = "UIImageView+AFNetworking.m"; sourceTree = "<group>"; };
		5998378117AFA18D00B2CE95 /* Security.framework */ = {isa = PBXFileReference; lastKnownFileType = wrapper.framework; name = Security.framework; path = System/Library/Frameworks/Security.framework; sourceTree = SDKROOT; };
		5998378E17AFB78100B2CE95 /* WPCoreDataManager.h */ = {isa = PBXFileReference; fileEncoding = 4; lastKnownFileType = sourcecode.c.h; path = WPCoreDataManager.h; sourceTree = "<group>"; };
		5998378F17AFB78100B2CE95 /* WPCoreDataManager.m */ = {isa = PBXFileReference; fileEncoding = 4; lastKnownFileType = sourcecode.c.objc; path = WPCoreDataManager.m; sourceTree = "<group>"; };
		5998379117AFD8E500B2CE95 /* WPBaseModel.h */ = {isa = PBXFileReference; fileEncoding = 4; lastKnownFileType = sourcecode.c.h; path = WPBaseModel.h; sourceTree = "<group>"; };
		5998379217AFD8E500B2CE95 /* WPBaseModel.m */ = {isa = PBXFileReference; fileEncoding = 4; lastKnownFileType = sourcecode.c.objc; path = WPBaseModel.m; sourceTree = "<group>"; };
		5998379417AFF98E00B2CE95 /* WPIssueModel.h */ = {isa = PBXFileReference; fileEncoding = 4; lastKnownFileType = sourcecode.c.h; path = WPIssueModel.h; sourceTree = "<group>"; };
		5998379517AFF98E00B2CE95 /* WPIssueModel.m */ = {isa = PBXFileReference; fileEncoding = 4; lastKnownFileType = sourcecode.c.objc; path = WPIssueModel.m; sourceTree = "<group>"; };
		5998379717AFFC0600B2CE95 /* Products.h */ = {isa = PBXFileReference; fileEncoding = 4; lastKnownFileType = sourcecode.c.h; path = Products.h; sourceTree = "<group>"; };
		5998379817AFFC0600B2CE95 /* Products.m */ = {isa = PBXFileReference; fileEncoding = 4; lastKnownFileType = sourcecode.c.objc; path = Products.m; sourceTree = "<group>"; };
/* End PBXFileReference section */

/* Begin PBXFrameworksBuildPhase section */
		599834D317AF93BE00B2CE95 /* Frameworks */ = {
			isa = PBXFrameworksBuildPhase;
			buildActionMask = 2147483647;
			files = (
				5998378217AFA18D00B2CE95 /* Security.framework in Frameworks */,
				599834DA17AF93BE00B2CE95 /* UIKit.framework in Frameworks */,
				599834DC17AF93BE00B2CE95 /* Foundation.framework in Frameworks */,
				599834DE17AF93BE00B2CE95 /* CoreGraphics.framework in Frameworks */,
				599834E017AF93BE00B2CE95 /* CoreData.framework in Frameworks */,
			);
			runOnlyForDeploymentPostprocessing = 0;
		};
/* End PBXFrameworksBuildPhase section */

/* Begin PBXGroup section */
		599834CD17AF93BE00B2CE95 = {
			isa = PBXGroup;
			children = (
				599834E117AF93BE00B2CE95 /* BrainWashingHomeWork */,
				599834D817AF93BE00B2CE95 /* Frameworks */,
				599834D717AF93BE00B2CE95 /* Products */,
			);
			sourceTree = "<group>";
		};
		599834D717AF93BE00B2CE95 /* Products */ = {
			isa = PBXGroup;
			children = (
				599834D617AF93BE00B2CE95 /* BrainWashingHomeWork.app */,
			);
			name = Products;
			sourceTree = "<group>";
		};
		599834D817AF93BE00B2CE95 /* Frameworks */ = {
			isa = PBXGroup;
			children = (
				5998378117AFA18D00B2CE95 /* Security.framework */,
				5998376417AF9FA000B2CE95 /* AFNetworking */,
				599834D917AF93BE00B2CE95 /* UIKit.framework */,
				599834DB17AF93BE00B2CE95 /* Foundation.framework */,
				599834DD17AF93BE00B2CE95 /* CoreGraphics.framework */,
				599834DF17AF93BE00B2CE95 /* CoreData.framework */,
			);
			name = Frameworks;
			sourceTree = "<group>";
		};
		599834E117AF93BE00B2CE95 /* BrainWashingHomeWork */ = {
			isa = PBXGroup;
			children = (
				5998359A17AF953800B2CE95 /* Classes */,
				599834EA17AF93BE00B2CE95 /* WPAppDelegate.h */,
				599834EB17AF93BE00B2CE95 /* WPAppDelegate.m */,
				599834F317AF93BE00B2CE95 /* BrainWashingHomeWork.xcdatamodeld */,
				599834E217AF93BE00B2CE95 /* Supporting Files */,
			);
			path = BrainWashingHomeWork;
			sourceTree = "<group>";
		};
		599834E217AF93BE00B2CE95 /* Supporting Files */ = {
			isa = PBXGroup;
			children = (
				599834E317AF93BE00B2CE95 /* BrainWashingHomeWork-Info.plist */,
				599834E417AF93BE00B2CE95 /* InfoPlist.strings */,
				599834E717AF93BE00B2CE95 /* main.m */,
				599834E917AF93BE00B2CE95 /* BrainWashingHomeWork-Prefix.pch */,
				599834ED17AF93BE00B2CE95 /* Default.png */,
				599834EF17AF93BE00B2CE95 /* Default@2x.png */,
				599834F117AF93BE00B2CE95 /* Default-568h@2x.png */,
			);
			name = "Supporting Files";
			sourceTree = "<group>";
		};
		5998359A17AF953800B2CE95 /* Classes */ = {
			isa = PBXGroup;
			children = (
				5998378D17AFB76700B2CE95 /* WPCoreData */,
				5998378317AFA56A00B2CE95 /* m */,
				5998359F17AF95CD00B2CE95 /* API */,
				5998359B17AF954A00B2CE95 /* c */,
			);
			name = Classes;
			sourceTree = "<group>";
		};
		5998359B17AF954A00B2CE95 /* c */ = {
			isa = PBXGroup;
			children = (
				5998359C17AF957A00B2CE95 /* WPWineViewController.h */,
				5998359D17AF957A00B2CE95 /* WPWineViewController.m */,
			);
			name = c;
			sourceTree = "<group>";
		};
		5998359F17AF95CD00B2CE95 /* API */ = {
			isa = PBXGroup;
			children = (
				599835A017AF95E600B2CE95 /* WPWineAPI.h */,
				599835A117AF95E600B2CE95 /* WPWineAPI.m */,
			);
			name = API;
			sourceTree = "<group>";
		};
		5998376417AF9FA000B2CE95 /* AFNetworking */ = {
			isa = PBXGroup;
			children = (
				5998376517AF9FA000B2CE95 /* AFHTTPClient.h */,
				5998376617AF9FA000B2CE95 /* AFHTTPClient.m */,
				5998376717AF9FA000B2CE95 /* AFHTTPRequestOperation.h */,
				5998376817AF9FA000B2CE95 /* AFHTTPRequestOperation.m */,
				5998376917AF9FA000B2CE95 /* AFImageRequestOperation.h */,
				5998376A17AF9FA000B2CE95 /* AFImageRequestOperation.m */,
				5998376B17AF9FA000B2CE95 /* AFJSONRequestOperation.h */,
				5998376C17AF9FA000B2CE95 /* AFJSONRequestOperation.m */,
				5998376D17AF9FA000B2CE95 /* AFNetworkActivityIndicatorManager.h */,
				5998376E17AF9FA000B2CE95 /* AFNetworkActivityIndicatorManager.m */,
				5998376F17AF9FA000B2CE95 /* AFNetworking.h */,
				5998377017AF9FA000B2CE95 /* AFPropertyListRequestOperation.h */,
				5998377117AF9FA000B2CE95 /* AFPropertyListRequestOperation.m */,
				5998377217AF9FA000B2CE95 /* AFURLConnectionOperation.h */,
				5998377317AF9FA000B2CE95 /* AFURLConnectionOperation.m */,
				5998377417AF9FA000B2CE95 /* AFXMLRequestOperation.h */,
				5998377517AF9FA000B2CE95 /* AFXMLRequestOperation.m */,
				5998377617AF9FA000B2CE95 /* UIImageView+AFNetworking.h */,
				5998377717AF9FA000B2CE95 /* UIImageView+AFNetworking.m */,
			);
			name = AFNetworking;
			path = AFNetworking/AFNetworking;
			sourceTree = "<group>";
		};
		5998378317AFA56A00B2CE95 /* m */ = {
			isa = PBXGroup;
			children = (
				5998379117AFD8E500B2CE95 /* WPBaseModel.h */,
				5998379217AFD8E500B2CE95 /* WPBaseModel.m */,
				5998379417AFF98E00B2CE95 /* WPIssueModel.h */,
				5998379517AFF98E00B2CE95 /* WPIssueModel.m */,
				5998379717AFFC0600B2CE95 /* Products.h */,
				5998379817AFFC0600B2CE95 /* Products.m */,
			);
			name = m;
			sourceTree = "<group>";
		};
		5998378D17AFB76700B2CE95 /* WPCoreData */ = {
			isa = PBXGroup;
			children = (
				5998378E17AFB78100B2CE95 /* WPCoreDataManager.h */,
				5998378F17AFB78100B2CE95 /* WPCoreDataManager.m */,
			);
			name = WPCoreData;
			sourceTree = "<group>";
		};
/* End PBXGroup section */

/* Begin PBXNativeTarget section */
		599834D517AF93BE00B2CE95 /* BrainWashingHomeWork */ = {
			isa = PBXNativeTarget;
			buildConfigurationList = 599834F817AF93BE00B2CE95 /* Build configuration list for PBXNativeTarget "BrainWashingHomeWork" */;
			buildPhases = (
				599834D217AF93BE00B2CE95 /* Sources */,
				599834D317AF93BE00B2CE95 /* Frameworks */,
				599834D417AF93BE00B2CE95 /* Resources */,
			);
			buildRules = (
			);
			dependencies = (
			);
			name = BrainWashingHomeWork;
			productName = BrainWashingHomeWork;
			productReference = 599834D617AF93BE00B2CE95 /* BrainWashingHomeWork.app */;
			productType = "com.apple.product-type.application";
		};
/* End PBXNativeTarget section */

/* Begin PBXProject section */
		599834CE17AF93BE00B2CE95 /* Project object */ = {
			isa = PBXProject;
			attributes = {
				CLASSPREFIX = WP;
				LastUpgradeCheck = 0460;
				ORGANIZATIONNAME = WiredPanda;
			};
			buildConfigurationList = 599834D117AF93BE00B2CE95 /* Build configuration list for PBXProject "BrainWashingHomeWork" */;
			compatibilityVersion = "Xcode 3.2";
			developmentRegion = English;
			hasScannedForEncodings = 0;
			knownRegions = (
				en,
			);
			mainGroup = 599834CD17AF93BE00B2CE95;
			productRefGroup = 599834D717AF93BE00B2CE95 /* Products */;
			projectDirPath = "";
			projectRoot = "";
			targets = (
				599834D517AF93BE00B2CE95 /* BrainWashingHomeWork */,
			);
		};
/* End PBXProject section */

/* Begin PBXResourcesBuildPhase section */
		599834D417AF93BE00B2CE95 /* Resources */ = {
			isa = PBXResourcesBuildPhase;
			buildActionMask = 2147483647;
			files = (
				599834E617AF93BE00B2CE95 /* InfoPlist.strings in Resources */,
				599834EE17AF93BE00B2CE95 /* Default.png in Resources */,
				599834F017AF93BE00B2CE95 /* Default@2x.png in Resources */,
				599834F217AF93BE00B2CE95 /* Default-568h@2x.png in Resources */,
			);
			runOnlyForDeploymentPostprocessing = 0;
		};
/* End PBXResourcesBuildPhase section */

/* Begin PBXSourcesBuildPhase section */
		599834D217AF93BE00B2CE95 /* Sources */ = {
			isa = PBXSourcesBuildPhase;
			buildActionMask = 2147483647;
			files = (
				599834E817AF93BE00B2CE95 /* main.m in Sources */,
				599834EC17AF93BE00B2CE95 /* WPAppDelegate.m in Sources */,
				599834F517AF93BE00B2CE95 /* BrainWashingHomeWork.xcdatamodeld in Sources */,
				5998359E17AF957A00B2CE95 /* WPWineViewController.m in Sources */,
				599835A217AF95E600B2CE95 /* WPWineAPI.m in Sources */,
				5998377817AF9FA000B2CE95 /* AFHTTPClient.m in Sources */,
				5998377917AF9FA000B2CE95 /* AFHTTPRequestOperation.m in Sources */,
				5998377A17AF9FA000B2CE95 /* AFImageRequestOperation.m in Sources */,
				5998377B17AF9FA000B2CE95 /* AFJSONRequestOperation.m in Sources */,
				5998377C17AF9FA000B2CE95 /* AFNetworkActivityIndicatorManager.m in Sources */,
				5998377D17AF9FA000B2CE95 /* AFPropertyListRequestOperation.m in Sources */,
				5998377E17AF9FA000B2CE95 /* AFURLConnectionOperation.m in Sources */,
				5998377F17AF9FA000B2CE95 /* AFXMLRequestOperation.m in Sources */,
				5998378017AF9FA000B2CE95 /* UIImageView+AFNetworking.m in Sources */,
				5998379017AFB78100B2CE95 /* WPCoreDataManager.m in Sources */,
				5998379317AFD8E500B2CE95 /* WPBaseModel.m in Sources */,
				5998379617AFF98E00B2CE95 /* WPIssueModel.m in Sources */,
				5998379917AFFC0600B2CE95 /* Products.m in Sources */,
			);
			runOnlyForDeploymentPostprocessing = 0;
		};
/* End PBXSourcesBuildPhase section */

/* Begin PBXVariantGroup section */
		599834E417AF93BE00B2CE95 /* InfoPlist.strings */ = {
			isa = PBXVariantGroup;
			children = (
				599834E517AF93BE00B2CE95 /* en */,
			);
			name = InfoPlist.strings;
			sourceTree = "<group>";
		};
/* End PBXVariantGroup section */

/* Begin XCBuildConfiguration section */
		599834F617AF93BE00B2CE95 /* Debug */ = {
			isa = XCBuildConfiguration;
			buildSettings = {
				ALWAYS_SEARCH_USER_PATHS = NO;
				CLANG_CXX_LANGUAGE_STANDARD = "gnu++0x";
				CLANG_CXX_LIBRARY = "libc++";
				CLANG_ENABLE_OBJC_ARC = YES;
				CLANG_WARN_CONSTANT_CONVERSION = YES;
				CLANG_WARN_EMPTY_BODY = YES;
				CLANG_WARN_ENUM_CONVERSION = YES;
				CLANG_WARN_INT_CONVERSION = YES;
				CLANG_WARN__DUPLICATE_METHOD_MATCH = YES;
				"CODE_SIGN_IDENTITY[sdk=iphoneos*]" = "iPhone Developer";
				COPY_PHASE_STRIP = NO;
				GCC_C_LANGUAGE_STANDARD = gnu99;
				GCC_DYNAMIC_NO_PIC = NO;
				GCC_OPTIMIZATION_LEVEL = 0;
				GCC_PREPROCESSOR_DEFINITIONS = (
					"DEBUG=1",
					"$(inherited)",
				);
				GCC_SYMBOLS_PRIVATE_EXTERN = NO;
				GCC_WARN_ABOUT_RETURN_TYPE = YES;
				GCC_WARN_UNINITIALIZED_AUTOS = YES;
				GCC_WARN_UNUSED_VARIABLE = YES;
				IPHONEOS_DEPLOYMENT_TARGET = 6.1;
				ONLY_ACTIVE_ARCH = YES;
				SDKROOT = iphoneos;
			};
			name = Debug;
		};
		599834F717AF93BE00B2CE95 /* Release */ = {
			isa = XCBuildConfiguration;
			buildSettings = {
				ALWAYS_SEARCH_USER_PATHS = NO;
				CLANG_CXX_LANGUAGE_STANDARD = "gnu++0x";
				CLANG_CXX_LIBRARY = "libc++";
				CLANG_ENABLE_OBJC_ARC = YES;
				CLANG_WARN_CONSTANT_CONVERSION = YES;
				CLANG_WARN_EMPTY_BODY = YES;
				CLANG_WARN_ENUM_CONVERSION = YES;
				CLANG_WARN_INT_CONVERSION = YES;
				CLANG_WARN__DUPLICATE_METHOD_MATCH = YES;
				"CODE_SIGN_IDENTITY[sdk=iphoneos*]" = "iPhone Developer";
				COPY_PHASE_STRIP = YES;
				GCC_C_LANGUAGE_STANDARD = gnu99;
				GCC_WARN_ABOUT_RETURN_TYPE = YES;
				GCC_WARN_UNINITIALIZED_AUTOS = YES;
				GCC_WARN_UNUSED_VARIABLE = YES;
				IPHONEOS_DEPLOYMENT_TARGET = 6.1;
				OTHER_CFLAGS = "-DNS_BLOCK_ASSERTIONS=1";
				SDKROOT = iphoneos;
				VALIDATE_PRODUCT = YES;
			};
			name = Release;
		};
		599834F917AF93BE00B2CE95 /* Debug */ = {
			isa = XCBuildConfiguration;
			buildSettings = {
				FRAMEWORK_SEARCH_PATHS = (
					"$(inherited)",
					"\"$(SYSTEM_APPS_DIR)/Xcode.app/Contents/Developer/Library/Frameworks\"",
				);
				GCC_PRECOMPILE_PREFIX_HEADER = YES;
				GCC_PREFIX_HEADER = "BrainWashingHomeWork/BrainWashingHomeWork-Prefix.pch";
				INFOPLIST_FILE = "BrainWashingHomeWork/BrainWashingHomeWork-Info.plist";
				LIBRARY_SEARCH_PATHS = (
					"$(inherited)",
					"\"$(SRCROOT)/ocmock/Examples/iOS5Example/usr/lib\"",
					"\"$(SRCROOT)/ocmock/Examples/iPhoneExample/Libraries\"",
				);
				PRODUCT_NAME = "$(TARGET_NAME)";
				WRAPPER_EXTENSION = app;
			};
			name = Debug;
		};
		599834FA17AF93BE00B2CE95 /* Release */ = {
			isa = XCBuildConfiguration;
			buildSettings = {
				FRAMEWORK_SEARCH_PATHS = (
					"$(inherited)",
					"\"$(SYSTEM_APPS_DIR)/Xcode.app/Contents/Developer/Library/Frameworks\"",
				);
				GCC_PRECOMPILE_PREFIX_HEADER = YES;
				GCC_PREFIX_HEADER = "BrainWashingHomeWork/BrainWashingHomeWork-Prefix.pch";
				INFOPLIST_FILE = "BrainWashingHomeWork/BrainWashingHomeWork-Info.plist";
				LIBRARY_SEARCH_PATHS = (
					"$(inherited)",
					"\"$(SRCROOT)/ocmock/Examples/iOS5Example/usr/lib\"",
					"\"$(SRCROOT)/ocmock/Examples/iPhoneExample/Libraries\"",
				);
				PRODUCT_NAME = "$(TARGET_NAME)";
				WRAPPER_EXTENSION = app;
			};
			name = Release;
		};
/* End XCBuildConfiguration section */

/* Begin XCConfigurationList section */
		599834D117AF93BE00B2CE95 /* Build configuration list for PBXProject "BrainWashingHomeWork" */ = {
			isa = XCConfigurationList;
			buildConfigurations = (
				599834F617AF93BE00B2CE95 /* Debug */,
				599834F717AF93BE00B2CE95 /* Release */,
			);
			defaultConfigurationIsVisible = 0;
			defaultConfigurationName = Release;
		};
		599834F817AF93BE00B2CE95 /* Build configuration list for PBXNativeTarget "BrainWashingHomeWork" */ = {
			isa = XCConfigurationList;
			buildConfigurations = (
				599834F917AF93BE00B2CE95 /* Debug */,
				599834FA17AF93BE00B2CE95 /* Release */,
			);
			defaultConfigurationIsVisible = 0;
		};
/* End XCConfigurationList section */

/* Begin XCVersionGroup section */
		599834F317AF93BE00B2CE95 /* BrainWashingHomeWork.xcdatamodeld */ = {
			isa = XCVersionGroup;
			children = (
				599834F417AF93BE00B2CE95 /* BrainWashingHomeWork.xcdatamodel */,
			);
			currentVersion = 599834F417AF93BE00B2CE95 /* BrainWashingHomeWork.xcdatamodel */;
			path = BrainWashingHomeWork.xcdatamodeld;
			sourceTree = "<group>";
			versionGroupType = wrapper.xcdatamodel;
		};
/* End XCVersionGroup section */
	};
	rootObject = 599834CE17AF93BE00B2CE95 /* Project object */;
}
